
Microsoft Visual Studio Solution File, Format Version 12.00
# Visual Studio 15
VisualStudioVersion = 15.0.27703.2035
MinimumVisualStudioVersion = 10.0.40219.1
Project("{FAE04EC0-301F-11D3-BF4B-00C04F79EFBC}") = "BackendApp", "BackendApp\BackendApp.csproj", "{FF8F81ED-94F3-47CB-BA3B-7D20331C9994}"
EndProject
Global
	GlobalSection(SolutionConfigurationPlatforms) = preSolution
		Debug|Any CPU = Debug|Any CPU
		Release|Any CPU = Release|Any CPU
	EndGlobalSection
	GlobalSection(ProjectConfigurationPlatforms) = postSolution
		{FF8F81ED-94F3-47CB-BA3B-7D20331C9994}.Debug|Any CPU.ActiveCfg = Debug|Any CPU
		{FF8F81ED-94F3-47CB-BA3B-7D20331C9994}.Debug|Any CPU.Build.0 = Debug|Any CPU
		{FF8F81ED-94F3-47CB-BA3B-7D20331C9994}.Release|Any CPU.ActiveCfg = Release|Any CPU
		{FF8F81ED-94F3-47CB-BA3B-7D20331C9994}.Release|Any CPU.Build.0 = Release|Any CPU
	EndGlobalSection
	GlobalSection(SolutionProperties) = preSolution
		HideSolutionNode = FALSE
	EndGlobalSection
	GlobalSection(ExtensibilityGlobals) = postSolution
		SolutionGuid = {FDA33E78-5C94-454C-B7C9-75EFA6E242D8}
	EndGlobalSection
EndGlobal
